
Microsoft Visual Studio Solution File, Format Version 12.00
# Visual Studio Version 17
VisualStudioVersion = 17.11.35327.3
MinimumVisualStudioVersion = 10.0.40219.1
Project("{FAE04EC0-301F-11D3-BF4B-00C04F79EFBC}") = "VitrineSemiJoias", "VitrineSemiJoias\VitrineSemiJoias.csproj", "{2917DDB4-8910-49DA-B7CD-B9EC8E40A42E}"
EndProject
Project("{2150E333-8FDC-42A3-9474-1A3956D46DE8}") = "Tests", "Tests", "{0AB3BF05-4346-4AA6-1389-037BE0695223}"
EndProject
Project("{FAE04EC0-301F-11D3-BF4B-00C04F79EFBC}") = "VitrineSemiJoias.UnitTests", "Tests\VitrineSemiJoias.UnitTests\VitrineSemiJoias.UnitTests.csproj", "{D2E482B9-DBA6-4137-A7FA-588AF67CA896}"
EndProject
Project("{FAE04EC0-301F-11D3-BF4B-00C04F79EFBC}") = "VitrineSemiJoias.IntegrationTests", "Tests\VitrineSemiJoias.IntegrationTests\VitrineSemiJoias.IntegrationTests.csproj", "{FCBCFA60-D59E-4921-82A5-5FCA398D3BB0}"
EndProject
Global
	GlobalSection(SolutionConfigurationPlatforms) = preSolution
		Debug|Any CPU = Debug|Any CPU
		Debug|x64 = Debug|x64
		Debug|x86 = Debug|x86
		Release|Any CPU = Release|Any CPU
		Release|x64 = Release|x64
		Release|x86 = Release|x86
	EndGlobalSection
	GlobalSection(ProjectConfigurationPlatforms) = postSolution
		{2917DDB4-8910-49DA-B7CD-B9EC8E40A42E}.Debug|Any CPU.ActiveCfg = Debug|Any CPU
		{2917DDB4-8910-49DA-B7CD-B9EC8E40A42E}.Debug|Any CPU.Build.0 = Debug|Any CPU
		{2917DDB4-8910-49DA-B7CD-B9EC8E40A42E}.Debug|x64.ActiveCfg = Debug|Any CPU
		{2917DDB4-8910-49DA-B7CD-B9EC8E40A42E}.Debug|x64.Build.0 = Debug|Any CPU
		{2917DDB4-8910-49DA-B7CD-B9EC8E40A42E}.Debug|x86.ActiveCfg = Debug|Any CPU
		{2917DDB4-8910-49DA-B7CD-B9EC8E40A42E}.Debug|x86.Build.0 = Debug|Any CPU
		{2917DDB4-8910-49DA-B7CD-B9EC8E40A42E}.Release|Any CPU.ActiveCfg = Release|Any CPU
		{2917DDB4-8910-49DA-B7CD-B9EC8E40A42E}.Release|Any CPU.Build.0 = Release|Any CPU
		{2917DDB4-8910-49DA-B7CD-B9EC8E40A42E}.Release|x64.ActiveCfg = Release|Any CPU
		{2917DDB4-8910-49DA-B7CD-B9EC8E40A42E}.Release|x64.Build.0 = Release|Any CPU
		{2917DDB4-8910-49DA-B7CD-B9EC8E40A42E}.Release|x86.ActiveCfg = Release|Any CPU
		{2917DDB4-8910-49DA-B7CD-B9EC8E40A42E}.Release|x86.Build.0 = Release|Any CPU
		{D2E482B9-DBA6-4137-A7FA-588AF67CA896}.Debug|Any CPU.ActiveCfg = Debug|Any CPU
		{D2E482B9-DBA6-4137-A7FA-588AF67CA896}.Debug|Any CPU.Build.0 = Debug|Any CPU
		{D2E482B9-DBA6-4137-A7FA-588AF67CA896}.Debug|x64.ActiveCfg = Debug|Any CPU
		{D2E482B9-DBA6-4137-A7FA-588AF67CA896}.Debug|x64.Build.0 = Debug|Any CPU
		{D2E482B9-DBA6-4137-A7FA-588AF67CA896}.Debug|x86.ActiveCfg = Debug|Any CPU
		{D2E482B9-DBA6-4137-A7FA-588AF67CA896}.Debug|x86.Build.0 = Debug|Any CPU
		{D2E482B9-DBA6-4137-A7FA-588AF67CA896}.Release|Any CPU.ActiveCfg = Release|Any CPU
		{D2E482B9-DBA6-4137-A7FA-588AF67CA896}.Release|Any CPU.Build.0 = Release|Any CPU
		{D2E482B9-DBA6-4137-A7FA-588AF67CA896}.Release|x64.ActiveCfg = Release|Any CPU
		{D2E482B9-DBA6-4137-A7FA-588AF67CA896}.Release|x64.Build.0 = Release|Any CPU
		{D2E482B9-DBA6-4137-A7FA-588AF67CA896}.Release|x86.ActiveCfg = Release|Any CPU
		{D2E482B9-DBA6-4137-A7FA-588AF67CA896}.Release|x86.Build.0 = Release|Any CPU
		{FCBCFA60-D59E-4921-82A5-5FCA398D3BB0}.Debug|Any CPU.ActiveCfg = Debug|Any CPU
		{FCBCFA60-D59E-4921-82A5-5FCA398D3BB0}.Debug|Any CPU.Build.0 = Debug|Any CPU
		{FCBCFA60-D59E-4921-82A5-5FCA398D3BB0}.Debug|x64.ActiveCfg = Debug|Any CPU
		{FCBCFA60-D59E-4921-82A5-5FCA398D3BB0}.Debug|x64.Build.0 = Debug|Any CPU
		{FCBCFA60-D59E-4921-82A5-5FCA398D3BB0}.Debug|x86.ActiveCfg = Debug|Any CPU
		{FCBCFA60-D59E-4921-82A5-5FCA398D3BB0}.Debug|x86.Build.0 = Debug|Any CPU
		{FCBCFA60-D59E-4921-82A5-5FCA398D3BB0}.Release|Any CPU.ActiveCfg = Release|Any CPU
		{FCBCFA60-D59E-4921-82A5-5FCA398D3BB0}.Release|Any CPU.Build.0 = Release|Any CPU
		{FCBCFA60-D59E-4921-82A5-5FCA398D3BB0}.Release|x64.ActiveCfg = Release|Any CPU
		{FCBCFA60-D59E-4921-82A5-5FCA398D3BB0}.Release|x64.Build.0 = Release|Any CPU
		{FCBCFA60-D59E-4921-82A5-5FCA398D3BB0}.Release|x86.ActiveCfg = Release|Any CPU
		{FCBCFA60-D59E-4921-82A5-5FCA398D3BB0}.Release|x86.Build.0 = Release|Any CPU
	EndGlobalSection
	GlobalSection(SolutionProperties) = preSolution
		HideSolutionNode = FALSE
	EndGlobalSection
	GlobalSection(NestedProjects) = preSolution
		{D2E482B9-DBA6-4137-A7FA-588AF67CA896} = {0AB3BF05-4346-4AA6-1389-037BE0695223}
		{FCBCFA60-D59E-4921-82A5-5FCA398D3BB0} = {0AB3BF05-4346-4AA6-1389-037BE0695223}
	EndGlobalSection
	GlobalSection(ExtensibilityGlobals) = postSolution
		SolutionGuid = {BFF4504D-7547-446C-B373-FE7EC0021855}
	EndGlobalSection
EndGlobal
